
Microsoft Visual Studio Solution File, Format Version 12.00
# Visual Studio Version 17
VisualStudioVersion = 17.4.32916.344
MinimumVisualStudioVersion = 10.0.40219.1
Project("{FAE04EC0-301F-11D3-BF4B-00C04F79EFBC}") = "GitHut_Winform", "GitHut_Winform.csproj", "{459EE1AA-73EB-4434-A7C4-D79430B871BE}"
EndProject
Global
	GlobalSection(SolutionConfigurationPlatforms) = preSolution
		Debug|Any CPU = Debug|Any CPU
		Release|Any CPU = Release|Any CPU
	EndGlobalSection
	GlobalSection(ProjectConfigurationPlatforms) = postSolution
		{459EE1AA-73EB-4434-A7C4-D79430B871BE}.Debug|Any CPU.ActiveCfg = Debug|Any CPU
		{459EE1AA-73EB-4434-A7C4-D79430B871BE}.Debug|Any CPU.Build.0 = Debug|Any CPU
		{459EE1AA-73EB-4434-A7C4-D79430B871BE}.Release|Any CPU.ActiveCfg = Release|Any CPU
		{459EE1AA-73EB-4434-A7C4-D79430B871BE}.Release|Any CPU.Build.0 = Release|Any CPU
	EndGlobalSection
	GlobalSection(SolutionProperties) = preSolution
		HideSolutionNode = FALSE
	EndGlobalSection
	GlobalSection(ExtensibilityGlobals) = postSolution
		SolutionGuid = {0BFE27D7-36EC-496D-ACA4-4CCFE9D00952}
	EndGlobalSection
EndGlobal
